
Microsoft Visual Studio Solution File, Format Version 12.00
Project("{FAE04EC0-301F-11D3-BF4B-00C04F79EFBC}") = "DungeonTool", "DungeonTool\DungeonTool.csproj", "{DA68A621-C17E-46EF-9959-6EFC7DDBE58F}"
EndProject
Global
	GlobalSection(SolutionConfigurationPlatforms) = preSolution
		Debug|Any CPU = Debug|Any CPU
		Release|Any CPU = Release|Any CPU
	EndGlobalSection
	GlobalSection(ProjectConfigurationPlatforms) = postSolution
		{DA68A621-C17E-46EF-9959-6EFC7DDBE58F}.Debug|Any CPU.ActiveCfg = Debug|Any CPU
		{DA68A621-C17E-46EF-9959-6EFC7DDBE58F}.Debug|Any CPU.Build.0 = Debug|Any CPU
		{DA68A621-C17E-46EF-9959-6EFC7DDBE58F}.Release|Any CPU.ActiveCfg = Release|Any CPU
		{DA68A621-C17E-46EF-9959-6EFC7DDBE58F}.Release|Any CPU.Build.0 = Release|Any CPU
	EndGlobalSection
EndGlobal
